// !$*UTF8*$!
{
	archiveVersion = 1;
	classes = {
	};
	objectVersion = 48;
	objects = {

/* Begin PBXBuildFile section */
		3774E6BB1F9E6DC10008E6BE /* HomeKit.framework in Frameworks */ = {isa = PBXBuildFile; fileRef = 3774E6BA1F9E6DC10008E6BE /* HomeKit.framework */; };
		37A875091F9768870042B59C /* ItemCell.swift in Sources */ = {isa = PBXBuildFile; fileRef = 37A875081F9768870042B59C /* ItemCell.swift */; };
		37B2C51A1F9741E400AB3BB6 /* ItemType+CoreDataClass.swift in Sources */ = {isa = PBXBuildFile; fileRef = 37B2C5121F9741E400AB3BB6 /* ItemType+CoreDataClass.swift */; };
		37B2C51B1F9741E400AB3BB6 /* ItemType+CoreDataProperties.swift in Sources */ = {isa = PBXBuildFile; fileRef = 37B2C5131F9741E400AB3BB6 /* ItemType+CoreDataProperties.swift */; };
		37B2C51C1F9741E400AB3BB6 /* Item+CoreDataClass.swift in Sources */ = {isa = PBXBuildFile; fileRef = 37B2C5141F9741E400AB3BB6 /* Item+CoreDataClass.swift */; };
		37B2C51D1F9741E400AB3BB6 /* Item+CoreDataProperties.swift in Sources */ = {isa = PBXBuildFile; fileRef = 37B2C5151F9741E400AB3BB6 /* Item+CoreDataProperties.swift */; };
		37B2C51E1F9741E400AB3BB6 /* Image+CoreDataClass.swift in Sources */ = {isa = PBXBuildFile; fileRef = 37B2C5161F9741E400AB3BB6 /* Image+CoreDataClass.swift */; };
		37B2C51F1F9741E400AB3BB6 /* Image+CoreDataProperties.swift in Sources */ = {isa = PBXBuildFile; fileRef = 37B2C5171F9741E400AB3BB6 /* Image+CoreDataProperties.swift */; };
		37B2C5201F9741E400AB3BB6 /* Store+CoreDataClass.swift in Sources */ = {isa = PBXBuildFile; fileRef = 37B2C5181F9741E400AB3BB6 /* Store+CoreDataClass.swift */; };
		37B2C5211F9741E400AB3BB6 /* Store+CoreDataProperties.swift in Sources */ = {isa = PBXBuildFile; fileRef = 37B2C5191F9741E400AB3BB6 /* Store+CoreDataProperties.swift */; };
		37B2C5271F974A0600AB3BB6 /* MaterialView.swift in Sources */ = {isa = PBXBuildFile; fileRef = 37B2C5261F974A0600AB3BB6 /* MaterialView.swift */; };
		37E480701F96A2B200347A00 /* AppDelegate.swift in Sources */ = {isa = PBXBuildFile; fileRef = 37E4806F1F96A2B200347A00 /* AppDelegate.swift */; };
		37E480721F96A2B200347A00 /* MainVC.swift in Sources */ = {isa = PBXBuildFile; fileRef = 37E480711F96A2B200347A00 /* MainVC.swift */; };
		37E480751F96A2B200347A00 /* Main.storyboard in Resources */ = {isa = PBXBuildFile; fileRef = 37E480731F96A2B200347A00 /* Main.storyboard */; };
		37E480781F96A2B200347A00 /* DreamLister.xcdatamodeld in Sources */ = {isa = PBXBuildFile; fileRef = 37E480761F96A2B200347A00 /* DreamLister.xcdatamodeld */; };
		37E4807A1F96A2B200347A00 /* Assets.xcassets in Resources */ = {isa = PBXBuildFile; fileRef = 37E480791F96A2B200347A00 /* Assets.xcassets */; };
		37E4807D1F96A2B200347A00 /* LaunchScreen.storyboard in Resources */ = {isa = PBXBuildFile; fileRef = 37E4807B1F96A2B200347A00 /* LaunchScreen.storyboard */; };
/* End PBXBuildFile section */

/* Begin PBXFileReference section */
		3774E6B81F9E6DB80008E6BE /* DreamLister.entitlements */ = {isa = PBXFileReference; lastKnownFileType = text.plist.entitlements; path = DreamLister.entitlements; sourceTree = "<group>"; };
		3774E6BA1F9E6DC10008E6BE /* HomeKit.framework */ = {isa = PBXFileReference; lastKnownFileType = wrapper.framework; name = HomeKit.framework; path = System/Library/Frameworks/HomeKit.framework; sourceTree = SDKROOT; };
		37A875081F9768870042B59C /* ItemCell.swift */ = {isa = PBXFileReference; lastKnownFileType = sourcecode.swift; path = ItemCell.swift; sourceTree = "<group>"; };
		37B2C5121F9741E400AB3BB6 /* ItemType+CoreDataClass.swift */ = {isa = PBXFileReference; lastKnownFileType = sourcecode.swift; path = "ItemType+CoreDataClass.swift"; sourceTree = "<group>"; };
		37B2C5131F9741E400AB3BB6 /* ItemType+CoreDataProperties.swift */ = {isa = PBXFileReference; lastKnownFileType = sourcecode.swift; path = "ItemType+CoreDataProperties.swift"; sourceTree = "<group>"; };
		37B2C5141F9741E400AB3BB6 /* Item+CoreDataClass.swift */ = {isa = PBXFileReference; lastKnownFileType = sourcecode.swift; path = "Item+CoreDataClass.swift"; sourceTree = "<group>"; };
		37B2C5151F9741E400AB3BB6 /* Item+CoreDataProperties.swift */ = {isa = PBXFileReference; lastKnownFileType = sourcecode.swift; path = "Item+CoreDataProperties.swift"; sourceTree = "<group>"; };
		37B2C5161F9741E400AB3BB6 /* Image+CoreDataClass.swift */ = {isa = PBXFileReference; lastKnownFileType = sourcecode.swift; path = "Image+CoreDataClass.swift"; sourceTree = "<group>"; };
		37B2C5171F9741E400AB3BB6 /* Image+CoreDataProperties.swift */ = {isa = PBXFileReference; lastKnownFileType = sourcecode.swift; path = "Image+CoreDataProperties.swift"; sourceTree = "<group>"; };
		37B2C5181F9741E400AB3BB6 /* Store+CoreDataClass.swift */ = {isa = PBXFileReference; lastKnownFileType = sourcecode.swift; path = "Store+CoreDataClass.swift"; sourceTree = "<group>"; };
		37B2C5191F9741E400AB3BB6 /* Store+CoreDataProperties.swift */ = {isa = PBXFileReference; lastKnownFileType = sourcecode.swift; path = "Store+CoreDataProperties.swift"; sourceTree = "<group>"; };
		37B2C5241F9749B500AB3BB6 /* tesla.jpg */ = {isa = PBXFileReference; lastKnownFileType = image.jpeg; name = tesla.jpg; path = "DreamLister Assets/tesla.jpg"; sourceTree = SOURCE_ROOT; };
		37B2C5261F974A0600AB3BB6 /* MaterialView.swift */ = {isa = PBXFileReference; lastKnownFileType = sourcecode.swift; path = MaterialView.swift; sourceTree = "<group>"; };
		37E4806C1F96A2B200347A00 /* DreamLister.app */ = {isa = PBXFileReference; explicitFileType = wrapper.application; includeInIndex = 0; path = DreamLister.app; sourceTree = BUILT_PRODUCTS_DIR; };
		37E4806F1F96A2B200347A00 /* AppDelegate.swift */ = {isa = PBXFileReference; lastKnownFileType = sourcecode.swift; path = AppDelegate.swift; sourceTree = "<group>"; };
		37E480711F96A2B200347A00 /* MainVC.swift */ = {isa = PBXFileReference; lastKnownFileType = sourcecode.swift; path = MainVC.swift; sourceTree = "<group>"; };
		37E480741F96A2B200347A00 /* Base */ = {isa = PBXFileReference; lastKnownFileType = file.storyboard; name = Base; path = Base.lproj/Main.storyboard; sourceTree = "<group>"; };
		37E480771F96A2B200347A00 /* DreamLister.xcdatamodel */ = {isa = PBXFileReference; lastKnownFileType = wrapper.xcdatamodel; path = DreamLister.xcdatamodel; sourceTree = "<group>"; };
		37E480791F96A2B200347A00 /* Assets.xcassets */ = {isa = PBXFileReference; lastKnownFileType = folder.assetcatalog; path = Assets.xcassets; sourceTree = "<group>"; };
		37E4807C1F96A2B200347A00 /* Base */ = {isa = PBXFileReference; lastKnownFileType = file.storyboard; name = Base; path = Base.lproj/LaunchScreen.storyboard; sourceTree = "<group>"; };
		37E4807E1F96A2B200347A00 /* Info.plist */ = {isa = PBXFileReference; lastKnownFileType = text.plist.xml; path = Info.plist; sourceTree = "<group>"; };
/* End PBXFileReference section */

/* Begin PBXFrameworksBuildPhase section */
		37E480691F96A2B200347A00 /* Frameworks */ = {
			isa = PBXFrameworksBuildPhase;
			buildActionMask = 2147483647;
			files = (
				3774E6BB1F9E6DC10008E6BE /* HomeKit.framework in Frameworks */,
			);
			runOnlyForDeploymentPostprocessing = 0;
		};
/* End PBXFrameworksBuildPhase section */

/* Begin PBXGroup section */
		3774E6B91F9E6DC10008E6BE /* Frameworks */ = {
			isa = PBXGroup;
			children = (
				3774E6BA1F9E6DC10008E6BE /* HomeKit.framework */,
			);
			name = Frameworks;
			sourceTree = "<group>";
		};
		37B2C5221F9741EC00AB3BB6 /* Model */ = {
			isa = PBXGroup;
			children = (
				37B2C5121F9741E400AB3BB6 /* ItemType+CoreDataClass.swift */,
				37B2C5141F9741E400AB3BB6 /* Item+CoreDataClass.swift */,
				37B2C5161F9741E400AB3BB6 /* Image+CoreDataClass.swift */,
				37B2C5181F9741E400AB3BB6 /* Store+CoreDataClass.swift */,
				37B2C5231F9741F500AB3BB6 /* Generated */,
			);
			path = Model;
			sourceTree = "<group>";
		};
		37B2C5231F9741F500AB3BB6 /* Generated */ = {
			isa = PBXGroup;
			children = (
				37B2C5131F9741E400AB3BB6 /* ItemType+CoreDataProperties.swift */,
				37B2C5151F9741E400AB3BB6 /* Item+CoreDataProperties.swift */,
				37B2C5171F9741E400AB3BB6 /* Image+CoreDataProperties.swift */,
				37B2C5191F9741E400AB3BB6 /* Store+CoreDataProperties.swift */,
			);
			path = Generated;
			sourceTree = "<group>";
		};
		37B2C5251F9749E800AB3BB6 /* View */ = {
			isa = PBXGroup;
			children = (
				37B2C5261F974A0600AB3BB6 /* MaterialView.swift */,
				37A875081F9768870042B59C /* ItemCell.swift */,
			);
			path = View;
			sourceTree = "<group>";
		};
		37E480631F96A2B200347A00 = {
			isa = PBXGroup;
			children = (
				37E4806E1F96A2B200347A00 /* DreamLister */,
				37E4806D1F96A2B200347A00 /* Products */,
				3774E6B91F9E6DC10008E6BE /* Frameworks */,
			);
			sourceTree = "<group>";
		};
		37E4806D1F96A2B200347A00 /* Products */ = {
			isa = PBXGroup;
			children = (
				37E4806C1F96A2B200347A00 /* DreamLister.app */,
			);
			name = Products;
			sourceTree = "<group>";
		};
		37E4806E1F96A2B200347A00 /* DreamLister */ = {
			isa = PBXGroup;
			children = (
				3774E6B81F9E6DB80008E6BE /* DreamLister.entitlements */,
				37B2C5251F9749E800AB3BB6 /* View */,
				37B2C5221F9741EC00AB3BB6 /* Model */,
				37E4806F1F96A2B200347A00 /* AppDelegate.swift */,
				37E480711F96A2B200347A00 /* MainVC.swift */,
				37E480731F96A2B200347A00 /* Main.storyboard */,
				37B2C5241F9749B500AB3BB6 /* tesla.jpg */,
				37E480791F96A2B200347A00 /* Assets.xcassets */,
				37E4807B1F96A2B200347A00 /* LaunchScreen.storyboard */,
				37E4807E1F96A2B200347A00 /* Info.plist */,
				37E480761F96A2B200347A00 /* DreamLister.xcdatamodeld */,
			);
			path = DreamLister;
			sourceTree = "<group>";
		};
/* End PBXGroup section */

/* Begin PBXNativeTarget section */
		37E4806B1F96A2B200347A00 /* DreamLister */ = {
			isa = PBXNativeTarget;
			buildConfigurationList = 37E480811F96A2B200347A00 /* Build configuration list for PBXNativeTarget "DreamLister" */;
			buildPhases = (
				37E480681F96A2B200347A00 /* Sources */,
				37E480691F96A2B200347A00 /* Frameworks */,
				37E4806A1F96A2B200347A00 /* Resources */,
			);
			buildRules = (
			);
			dependencies = (
			);
			name = DreamLister;
			productName = DreamLister;
			productReference = 37E4806C1F96A2B200347A00 /* DreamLister.app */;
			productType = "com.apple.product-type.application";
		};
/* End PBXNativeTarget section */

/* Begin PBXProject section */
		37E480641F96A2B200347A00 /* Project object */ = {
			isa = PBXProject;
			attributes = {
				LastSwiftUpdateCheck = 0900;
				LastUpgradeCheck = 0900;
				ORGANIZATIONNAME = "Bruno Vieira";
				TargetAttributes = {
					37E4806B1F96A2B200347A00 = {
						CreatedOnToolsVersion = 9.0;
						ProvisioningStyle = Automatic;
						SystemCapabilities = {
							com.apple.DataProtection = {
								enabled = 1;
							};
							com.apple.HomeKit = {
								enabled = 1;
							};
						};
					};
				};
			};
			buildConfigurationList = 37E480671F96A2B200347A00 /* Build configuration list for PBXProject "DreamLister" */;
			compatibilityVersion = "Xcode 8.0";
			developmentRegion = en;
			hasScannedForEncodings = 0;
			knownRegions = (
				en,
				Base,
			);
			mainGroup = 37E480631F96A2B200347A00;
			productRefGroup = 37E4806D1F96A2B200347A00 /* Products */;
			projectDirPath = "";
			projectRoot = "";
			targets = (
				37E4806B1F96A2B200347A00 /* DreamLister */,
			);
		};
/* End PBXProject section */

/* Begin PBXResourcesBuildPhase section */
		37E4806A1F96A2B200347A00 /* Resources */ = {
			isa = PBXResourcesBuildPhase;
			buildActionMask = 2147483647;
			files = (
				37E4807D1F96A2B200347A00 /* LaunchScreen.storyboard in Resources */,
				37E4807A1F96A2B200347A00 /* Assets.xcassets in Resources */,
				37E480751F96A2B200347A00 /* Main.storyboard in Resources */,
			);
			runOnlyForDeploymentPostprocessing = 0;
		};
/* End PBXResourcesBuildPhase section */

/* Begin PBXSourcesBuildPhase section */
		37E480681F96A2B200347A00 /* Sources */ = {
			isa = PBXSourcesBuildPhase;
			buildActionMask = 2147483647;
			files = (
				37A875091F9768870042B59C /* ItemCell.swift in Sources */,
				37B2C51F1F9741E400AB3BB6 /* Image+CoreDataProperties.swift in Sources */,
				37B2C51D1F9741E400AB3BB6 /* Item+CoreDataProperties.swift in Sources */,
				37B2C51C1F9741E400AB3BB6 /* Item+CoreDataClass.swift in Sources */,
				37B2C5271F974A0600AB3BB6 /* MaterialView.swift in Sources */,
				37B2C51A1F9741E400AB3BB6 /* ItemType+CoreDataClass.swift in Sources */,
				37B2C5211F9741E400AB3BB6 /* Store+CoreDataProperties.swift in Sources */,
				37B2C51E1F9741E400AB3BB6 /* Image+CoreDataClass.swift in Sources */,
				37B2C51B1F9741E400AB3BB6 /* ItemType+CoreDataProperties.swift in Sources */,
				37E480721F96A2B200347A00 /* MainVC.swift in Sources */,
				37B2C5201F9741E400AB3BB6 /* Store+CoreDataClass.swift in Sources */,
				37E480701F96A2B200347A00 /* AppDelegate.swift in Sources */,
				37E480781F96A2B200347A00 /* DreamLister.xcdatamodeld in Sources */,
			);
			runOnlyForDeploymentPostprocessing = 0;
		};
/* End PBXSourcesBuildPhase section */

/* Begin PBXVariantGroup section */
		37E480731F96A2B200347A00 /* Main.storyboard */ = {
			isa = PBXVariantGroup;
			children = (
				37E480741F96A2B200347A00 /* Base */,
			);
			name = Main.storyboard;
			sourceTree = "<group>";
		};
		37E4807B1F96A2B200347A00 /* LaunchScreen.storyboard */ = {
			isa = PBXVariantGroup;
			children = (
				37E4807C1F96A2B200347A00 /* Base */,
			);
			name = LaunchScreen.storyboard;
			sourceTree = "<group>";
		};
/* End PBXVariantGroup section */

/* Begin XCBuildConfiguration section */
		37E4807F1F96A2B200347A00 /* Debug */ = {
			isa = XCBuildConfiguration;
			buildSettings = {
				ALWAYS_SEARCH_USER_PATHS = NO;
				CLANG_ANALYZER_NONNULL = YES;
				CLANG_ANALYZER_NUMBER_OBJECT_CONVERSION = YES_AGGRESSIVE;
				CLANG_CXX_LANGUAGE_STANDARD = "gnu++14";
				CLANG_CXX_LIBRARY = "libc++";
				CLANG_ENABLE_MODULES = YES;
				CLANG_ENABLE_OBJC_ARC = YES;
				CLANG_WARN_BLOCK_CAPTURE_AUTORELEASING = YES;
				CLANG_WARN_BOOL_CONVERSION = YES;
				CLANG_WARN_COMMA = YES;
				CLANG_WARN_CONSTANT_CONVERSION = YES;
				CLANG_WARN_DIRECT_OBJC_ISA_USAGE = YES_ERROR;
				CLANG_WARN_DOCUMENTATION_COMMENTS = YES;
				CLANG_WARN_EMPTY_BODY = YES;
				CLANG_WARN_ENUM_CONVERSION = YES;
				CLANG_WARN_INFINITE_RECURSION = YES;
				CLANG_WARN_INT_CONVERSION = YES;
				CLANG_WARN_NON_LITERAL_NULL_CONVERSION = YES;
				CLANG_WARN_OBJC_LITERAL_CONVERSION = YES;
				CLANG_WARN_OBJC_ROOT_CLASS = YES_ERROR;
				CLANG_WARN_RANGE_LOOP_ANALYSIS = YES;
				CLANG_WARN_STRICT_PROTOTYPES = YES;
				CLANG_WARN_SUSPICIOUS_MOVE = YES;
				CLANG_WARN_UNGUARDED_AVAILABILITY = YES_AGGRESSIVE;
				CLANG_WARN_UNREACHABLE_CODE = YES;
				CLANG_WARN__DUPLICATE_METHOD_MATCH = YES;
				CODE_SIGN_IDENTITY = "iPhone Developer";
				COPY_PHASE_STRIP = NO;
				DEBUG_INFORMATION_FORMAT = dwarf;
				ENABLE_STRICT_OBJC_MSGSEND = YES;
				ENABLE_TESTABILITY = YES;
				GCC_C_LANGUAGE_STANDARD = gnu11;
				GCC_DYNAMIC_NO_PIC = NO;
				GCC_NO_COMMON_BLOCKS = YES;
				GCC_OPTIMIZATION_LEVEL = 0;
				GCC_PREPROCESSOR_DEFINITIONS = (
					"DEBUG=1",
					"$(inherited)",
				);
				GCC_WARN_64_TO_32_BIT_CONVERSION = YES;
				GCC_WARN_ABOUT_RETURN_TYPE = YES_ERROR;
				GCC_WARN_UNDECLARED_SELECTOR = YES;
				GCC_WARN_UNINITIALIZED_AUTOS = YES_AGGRESSIVE;
				GCC_WARN_UNUSED_FUNCTION = YES;
				GCC_WARN_UNUSED_VARIABLE = YES;
				IPHONEOS_DEPLOYMENT_TARGET = 11.0;
				MTL_ENABLE_DEBUG_INFO = YES;
				ONLY_ACTIVE_ARCH = YES;
				SDKROOT = iphoneos;
				SWIFT_ACTIVE_COMPILATION_CONDITIONS = DEBUG;
				SWIFT_OPTIMIZATION_LEVEL = "-Onone";
			};
			name = Debug;
		};
		37E480801F96A2B200347A00 /* Release */ = {
			isa = XCBuildConfiguration;
			buildSettings = {
				ALWAYS_SEARCH_USER_PATHS = NO;
				CLANG_ANALYZER_NONNULL = YES;
				CLANG_ANALYZER_NUMBER_OBJECT_CONVERSION = YES_AGGRESSIVE;
				CLANG_CXX_LANGUAGE_STANDARD = "gnu++14";
				CLANG_CXX_LIBRARY = "libc++";
				CLANG_ENABLE_MODULES = YES;
				CLANG_ENABLE_OBJC_ARC = YES;
				CLANG_WARN_BLOCK_CAPTURE_AUTORELEASING = YES;
				CLANG_WARN_BOOL_CONVERSION = YES;
				CLANG_WARN_COMMA = YES;
				CLANG_WARN_CONSTANT_CONVERSION = YES;
				CLANG_WARN_DIRECT_OBJC_ISA_USAGE = YES_ERROR;
				CLANG_WARN_DOCUMENTATION_COMMENTS = YES;
				CLANG_WARN_EMPTY_BODY = YES;
				CLANG_WARN_ENUM_CONVERSION = YES;
				CLANG_WARN_INFINITE_RECURSION = YES;
				CLANG_WARN_INT_CONVERSION = YES;
				CLANG_WARN_NON_LITERAL_NULL_CONVERSION = YES;
				CLANG_WARN_OBJC_LITERAL_CONVERSION = YES;
				CLANG_WARN_OBJC_ROOT_CLASS = YES_ERROR;
				CLANG_WARN_RANGE_LOOP_ANALYSIS = YES;
				CLANG_WARN_STRICT_PROTOTYPES = YES;
				CLANG_WARN_SUSPICIOUS_MOVE = YES;
				CLANG_WARN_UNGUARDED_AVAILABILITY = YES_AGGRESSIVE;
				CLANG_WARN_UNREACHABLE_CODE = YES;
				CLANG_WARN__DUPLICATE_METHOD_MATCH = YES;
				CODE_SIGN_IDENTITY = "iPhone Developer";
				COPY_PHASE_STRIP = NO;
				DEBUG_INFORMATION_FORMAT = "dwarf-with-dsym";
				ENABLE_NS_ASSERTIONS = NO;
				ENABLE_STRICT_OBJC_MSGSEND = YES;
				GCC_C_LANGUAGE_STANDARD = gnu11;
				GCC_NO_COMMON_BLOCKS = YES;
				GCC_WARN_64_TO_32_BIT_CONVERSION = YES;
				GCC_WARN_ABOUT_RETURN_TYPE = YES_ERROR;
				GCC_WARN_UNDECLARED_SELECTOR = YES;
				GCC_WARN_UNINITIALIZED_AUTOS = YES_AGGRESSIVE;
				GCC_WARN_UNUSED_FUNCTION = YES;
				GCC_WARN_UNUSED_VARIABLE = YES;
				IPHONEOS_DEPLOYMENT_TARGET = 11.0;
				MTL_ENABLE_DEBUG_INFO = NO;
				SDKROOT = iphoneos;
				SWIFT_OPTIMIZATION_LEVEL = "-Owholemodule";
				VALIDATE_PRODUCT = YES;
			};
			name = Release;
		};
		37E480821F96A2B200347A00 /* Debug */ = {
			isa = XCBuildConfiguration;
			buildSettings = {
				ASSETCATALOG_COMPILER_APPICON_NAME = AppIcon;
				CODE_SIGN_ENTITLEMENTS = DreamLister/DreamLister.entitlements;
				"CODE_SIGN_IDENTITY[sdk=iphoneos*]" = "iPhone Developer";
				CODE_SIGN_STYLE = Automatic;
				DEVELOPMENT_TEAM = XJBJH5Y7Y8;
				INFOPLIST_FILE = DreamLister/Info.plist;
				IPHONEOS_DEPLOYMENT_TARGET = 11.0;
				LD_RUNPATH_SEARCH_PATHS = "$(inherited) @executable_path/Frameworks";
				PRODUCT_BUNDLE_IDENTIFIER = bruno.DreamLister;
				PRODUCT_NAME = "$(TARGET_NAME)";
				PROVISIONING_PROFILE_SPECIFIER = "";
				SDKROOT = iphoneos11.0;
				SWIFT_VERSION = 4.0;
				TARGETED_DEVICE_FAMILY = 1;
			};
			name = Debug;
		};
		37E480831F96A2B200347A00 /* Release */ = {
			isa = XCBuildConfiguration;
			buildSettings = {
				ASSETCATALOG_COMPILER_APPICON_NAME = AppIcon;
				CODE_SIGN_ENTITLEMENTS = DreamLister/DreamLister.entitlements;
				"CODE_SIGN_IDENTITY[sdk=iphoneos*]" = "iPhone Developer";
				CODE_SIGN_STYLE = Automatic;
				DEVELOPMENT_TEAM = XJBJH5Y7Y8;
				INFOPLIST_FILE = DreamLister/Info.plist;
				IPHONEOS_DEPLOYMENT_TARGET = 11.0;
				LD_RUNPATH_SEARCH_PATHS = "$(inherited) @executable_path/Frameworks";
				PRODUCT_BUNDLE_IDENTIFIER = bruno.DreamLister;
				PRODUCT_NAME = "$(TARGET_NAME)";
				PROVISIONING_PROFILE_SPECIFIER = "";
				SDKROOT = iphoneos11.0;
				SWIFT_VERSION = 4.0;
				TARGETED_DEVICE_FAMILY = 1;
			};
			name = Release;
		};
/* End XCBuildConfiguration section */

/* Begin XCConfigurationList section */
		37E480671F96A2B200347A00 /* Build configuration list for PBXProject "DreamLister" */ = {
			isa = XCConfigurationList;
			buildConfigurations = (
				37E4807F1F96A2B200347A00 /* Debug */,
				37E480801F96A2B200347A00 /* Release */,
			);
			defaultConfigurationIsVisible = 0;
			defaultConfigurationName = Release;
		};
		37E480811F96A2B200347A00 /* Build configuration list for PBXNativeTarget "DreamLister" */ = {
			isa = XCConfigurationList;
			buildConfigurations = (
				37E480821F96A2B200347A00 /* Debug */,
				37E480831F96A2B200347A00 /* Release */,
			);
			defaultConfigurationIsVisible = 0;
			defaultConfigurationName = Release;
		};
/* End XCConfigurationList section */

/* Begin XCVersionGroup section */
		37E480761F96A2B200347A00 /* DreamLister.xcdatamodeld */ = {
			isa = XCVersionGroup;
			children = (
				37E480771F96A2B200347A00 /* DreamLister.xcdatamodel */,
			);
			currentVersion = 37E480771F96A2B200347A00 /* DreamLister.xcdatamodel */;
			path = DreamLister.xcdatamodeld;
			sourceTree = "<group>";
			versionGroupType = wrapper.xcdatamodel;
		};
/* End XCVersionGroup section */
	};
	rootObject = 37E480641F96A2B200347A00 /* Project object */;
}
